
Microsoft Visual Studio Solution File, Format Version 12.00
# Visual Studio Version 17
VisualStudioVersion = 17.7.34202.233
MinimumVisualStudioVersion = 10.0.40219.1
Project("{9A19103F-16F7-4668-BE54-9A1E7A4F7556}") = "WebApp", "TechGlam_Online\WebApp.csproj", "{0A44234B-FEB2-48C0-9E42-25C5CBF1CA4A}"
EndProject
Project("{9A19103F-16F7-4668-BE54-9A1E7A4F7556}") = "WebApp.Models", "WebApp.Modelli\WebApp.Models.csproj", "{431C16A0-A138-4413-98A6-60997B70F265}"
EndProject
Project("{FAE04EC0-301F-11D3-BF4B-00C04F79EFBC}") = "WebAppInterfaces", "WebAppInterfaces\WebAppInterfaces.csproj", "{0C543BE2-0567-4C77-9DA3-1994FD8B5457}"
EndProject
Global
	GlobalSection(SolutionConfigurationPlatforms) = preSolution
		Debug|Any CPU = Debug|Any CPU
		Release|Any CPU = Release|Any CPU
	EndGlobalSection
	GlobalSection(ProjectConfigurationPlatforms) = postSolution
		{0A44234B-FEB2-48C0-9E42-25C5CBF1CA4A}.Debug|Any CPU.ActiveCfg = Debug|Any CPU
		{0A44234B-FEB2-48C0-9E42-25C5CBF1CA4A}.Debug|Any CPU.Build.0 = Debug|Any CPU
		{0A44234B-FEB2-48C0-9E42-25C5CBF1CA4A}.Release|Any CPU.ActiveCfg = Release|Any CPU
		{0A44234B-FEB2-48C0-9E42-25C5CBF1CA4A}.Release|Any CPU.Build.0 = Release|Any CPU
		{431C16A0-A138-4413-98A6-60997B70F265}.Debug|Any CPU.ActiveCfg = Debug|Any CPU
		{431C16A0-A138-4413-98A6-60997B70F265}.Debug|Any CPU.Build.0 = Debug|Any CPU
		{431C16A0-A138-4413-98A6-60997B70F265}.Release|Any CPU.ActiveCfg = Release|Any CPU
		{431C16A0-A138-4413-98A6-60997B70F265}.Release|Any CPU.Build.0 = Release|Any CPU
		{0C543BE2-0567-4C77-9DA3-1994FD8B5457}.Debug|Any CPU.ActiveCfg = Debug|Any CPU
		{0C543BE2-0567-4C77-9DA3-1994FD8B5457}.Debug|Any CPU.Build.0 = Debug|Any CPU
		{0C543BE2-0567-4C77-9DA3-1994FD8B5457}.Release|Any CPU.ActiveCfg = Release|Any CPU
		{0C543BE2-0567-4C77-9DA3-1994FD8B5457}.Release|Any CPU.Build.0 = Release|Any CPU
	EndGlobalSection
	GlobalSection(SolutionProperties) = preSolution
		HideSolutionNode = FALSE
	EndGlobalSection
	GlobalSection(ExtensibilityGlobals) = postSolution
		SolutionGuid = {76329E78-AD59-4C23-A2C7-54CD884E08BF}
	EndGlobalSection
EndGlobal
